// !$*UTF8*$!
{
	archiveVersion = 1;
	classes = {
	};
	objectVersion = 46;
	objects = {

/* Begin PBXBuildFile section */
		A00593031BE2ADA000DFFF45 /* movie_quote.mp3 in Resources */ = {isa = PBXBuildFile; fileRef = A00593021BE2ADA000DFFF45 /* movie_quote.mp3 */; settings = {ASSET_TAGS = (); }; };
		A00E04221BDED31600EAB18B /* AppDelegate.swift in Sources */ = {isa = PBXBuildFile; fileRef = A00E04211BDED31600EAB18B /* AppDelegate.swift */; };
		A00E04241BDED31600EAB18B /* RecordSoundsViewController.swift in Sources */ = {isa = PBXBuildFile; fileRef = A00E04231BDED31600EAB18B /* RecordSoundsViewController.swift */; };
		A00E04271BDED31600EAB18B /* Main.storyboard in Resources */ = {isa = PBXBuildFile; fileRef = A00E04251BDED31600EAB18B /* Main.storyboard */; };
		A00E04291BDED31600EAB18B /* Assets.xcassets in Resources */ = {isa = PBXBuildFile; fileRef = A00E04281BDED31600EAB18B /* Assets.xcassets */; };
		A00E042C1BDED31600EAB18B /* LaunchScreen.storyboard in Resources */ = {isa = PBXBuildFile; fileRef = A00E042A1BDED31600EAB18B /* LaunchScreen.storyboard */; };
		A03CB3451BE1754D004656D9 /* PlaySoundsViewController.swift in Sources */ = {isa = PBXBuildFile; fileRef = A03CB3441BE1754D004656D9 /* PlaySoundsViewController.swift */; settings = {ASSET_TAGS = (); }; };
/* End PBXBuildFile section */

/* Begin PBXFileReference section */
		A00593021BE2ADA000DFFF45 /* movie_quote.mp3 */ = {isa = PBXFileReference; lastKnownFileType = audio.mp3; path = movie_quote.mp3; sourceTree = "<group>"; };
		A00E041E1BDED31500EAB18B /* Shadoww.app */ = {isa = PBXFileReference; explicitFileType = wrapper.application; includeInIndex = 0; path = Shadoww.app; sourceTree = BUILT_PRODUCTS_DIR; };
		A00E04211BDED31600EAB18B /* AppDelegate.swift */ = {isa = PBXFileReference; lastKnownFileType = sourcecode.swift; path = AppDelegate.swift; sourceTree = "<group>"; };
		A00E04231BDED31600EAB18B /* RecordSoundsViewController.swift */ = {isa = PBXFileReference; lastKnownFileType = sourcecode.swift; path = RecordSoundsViewController.swift; sourceTree = "<group>"; };
		A00E04261BDED31600EAB18B /* Base */ = {isa = PBXFileReference; lastKnownFileType = file.storyboard; name = Base; path = Base.lproj/Main.storyboard; sourceTree = "<group>"; };
		A00E04281BDED31600EAB18B /* Assets.xcassets */ = {isa = PBXFileReference; lastKnownFileType = folder.assetcatalog; path = Assets.xcassets; sourceTree = "<group>"; };
		A00E042B1BDED31600EAB18B /* Base */ = {isa = PBXFileReference; lastKnownFileType = file.storyboard; name = Base; path = Base.lproj/LaunchScreen.storyboard; sourceTree = "<group>"; };
		A00E042D1BDED31600EAB18B /* Info.plist */ = {isa = PBXFileReference; lastKnownFileType = text.plist.xml; path = Info.plist; sourceTree = "<group>"; };
		A03CB3441BE1754D004656D9 /* PlaySoundsViewController.swift */ = {isa = PBXFileReference; fileEncoding = 4; lastKnownFileType = sourcecode.swift; path = PlaySoundsViewController.swift; sourceTree = "<group>"; };
/* End PBXFileReference section */

/* Begin PBXFrameworksBuildPhase section */
		A00E041B1BDED31500EAB18B /* Frameworks */ = {
			isa = PBXFrameworksBuildPhase;
			buildActionMask = 2147483647;
			files = (
			);
			runOnlyForDeploymentPostprocessing = 0;
		};
/* End PBXFrameworksBuildPhase section */

/* Begin PBXGroup section */
		A00E04151BDED31500EAB18B = {
			isa = PBXGroup;
			children = (
				A00E04201BDED31600EAB18B /* Shadoww */,
				A00E041F1BDED31500EAB18B /* Products */,
			);
			sourceTree = "<group>";
		};
		A00E041F1BDED31500EAB18B /* Products */ = {
			isa = PBXGroup;
			children = (
				A00E041E1BDED31500EAB18B /* Shadoww.app */,
			);
			name = Products;
			sourceTree = "<group>";
		};
		A00E04201BDED31600EAB18B /* Shadoww */ = {
			isa = PBXGroup;
			children = (
				A00E04211BDED31600EAB18B /* AppDelegate.swift */,
				A00E04231BDED31600EAB18B /* RecordSoundsViewController.swift */,
				A00E04251BDED31600EAB18B /* Main.storyboard */,
				A03CB3441BE1754D004656D9 /* PlaySoundsViewController.swift */,
				A00593021BE2ADA000DFFF45 /* movie_quote.mp3 */,
				A00E04281BDED31600EAB18B /* Assets.xcassets */,
				A00E042A1BDED31600EAB18B /* LaunchScreen.storyboard */,
				A00E042D1BDED31600EAB18B /* Info.plist */,
			);
			path = Shadoww;
			sourceTree = "<group>";
		};
/* End PBXGroup section */

/* Begin PBXNativeTarget section */
		A00E041D1BDED31500EAB18B /* Shadoww */ = {
			isa = PBXNativeTarget;
			buildConfigurationList = A00E04301BDED31600EAB18B /* Build configuration list for PBXNativeTarget "Shadoww" */;
			buildPhases = (
				A00E041A1BDED31500EAB18B /* Sources */,
				A00E041B1BDED31500EAB18B /* Frameworks */,
				A00E041C1BDED31500EAB18B /* Resources */,
			);
			buildRules = (
			);
			dependencies = (
			);
			name = Shadoww;
			productName = Shadoww;
			productReference = A00E041E1BDED31500EAB18B /* Shadoww.app */;
			productType = "com.apple.product-type.application";
		};
/* End PBXNativeTarget section */

/* Begin PBXProject section */
		A00E04161BDED31500EAB18B /* Project object */ = {
			isa = PBXProject;
			attributes = {
				LastUpgradeCheck = 0700;
				ORGANIZATIONNAME = Lucas;
				TargetAttributes = {
					A00E041D1BDED31500EAB18B = {
						CreatedOnToolsVersion = 7.0.1;
					};
				};
			};
			buildConfigurationList = A00E04191BDED31500EAB18B /* Build configuration list for PBXProject "Shadoww" */;
			compatibilityVersion = "Xcode 3.2";
			developmentRegion = English;
			hasScannedForEncodings = 0;
			knownRegions = (
				en,
				Base,
			);
			mainGroup = A00E04151BDED31500EAB18B;
			productRefGroup = A00E041F1BDED31500EAB18B /* Products */;
			projectDirPath = "";
			projectRoot = "";
			targets = (
				A00E041D1BDED31500EAB18B /* Shadoww */,
			);
		};
/* End PBXProject section */

/* Begin PBXResourcesBuildPhase section */
		A00E041C1BDED31500EAB18B /* Resources */ = {
			isa = PBXResourcesBuildPhase;
			buildActionMask = 2147483647;
			files = (
				A00E042C1BDED31600EAB18B /* LaunchScreen.storyboard in Resources */,
				A00E04291BDED31600EAB18B /* Assets.xcassets in Resources */,
				A00593031BE2ADA000DFFF45 /* movie_quote.mp3 in Resources */,
				A00E04271BDED31600EAB18B /* Main.storyboard in Resources */,
			);
			runOnlyForDeploymentPostprocessing = 0;
		};
/* End PBXResourcesBuildPhase section */

/* Begin PBXSourcesBuildPhase section */
		A00E041A1BDED31500EAB18B /* Sources */ = {
			isa = PBXSourcesBuildPhase;
			buildActionMask = 2147483647;
			files = (
				A00E04241BDED31600EAB18B /* RecordSoundsViewController.swift in Sources */,
				A03CB3451BE1754D004656D9 /* PlaySoundsViewController.swift in Sources */,
				A00E04221BDED31600EAB18B /* AppDelegate.swift in Sources */,
			);
			runOnlyForDeploymentPostprocessing = 0;
		};
/* End PBXSourcesBuildPhase section */

/* Begin PBXVariantGroup section */
		A00E04251BDED31600EAB18B /* Main.storyboard */ = {
			isa = PBXVariantGroup;
			children = (
				A00E04261BDED31600EAB18B /* Base */,
			);
			name = Main.storyboard;
			sourceTree = "<group>";
		};
		A00E042A1BDED31600EAB18B /* LaunchScreen.storyboard */ = {
			isa = PBXVariantGroup;
			children = (
				A00E042B1BDED31600EAB18B /* Base */,
			);
			name = LaunchScreen.storyboard;
			sourceTree = "<group>";
		};
/* End PBXVariantGroup section */

/* Begin XCBuildConfiguration section */
		A00E042E1BDED31600EAB18B /* Debug */ = {
			isa = XCBuildConfiguration;
			buildSettings = {
				ALWAYS_SEARCH_USER_PATHS = NO;
				CLANG_CXX_LANGUAGE_STANDARD = "gnu++0x";
				CLANG_CXX_LIBRARY = "libc++";
				CLANG_ENABLE_MODULES = YES;
				CLANG_ENABLE_OBJC_ARC = YES;
				CLANG_WARN_BOOL_CONVERSION = YES;
				CLANG_WARN_CONSTANT_CONVERSION = YES;
				CLANG_WARN_DIRECT_OBJC_ISA_USAGE = YES_ERROR;
				CLANG_WARN_EMPTY_BODY = YES;
				CLANG_WARN_ENUM_CONVERSION = YES;
				CLANG_WARN_INT_CONVERSION = YES;
				CLANG_WARN_OBJC_ROOT_CLASS = YES_ERROR;
				CLANG_WARN_UNREACHABLE_CODE = YES;
				CLANG_WARN__DUPLICATE_METHOD_MATCH = YES;
				"CODE_SIGN_IDENTITY[sdk=iphoneos*]" = "iPhone Developer";
				COPY_PHASE_STRIP = NO;
				DEBUG_INFORMATION_FORMAT = dwarf;
				ENABLE_STRICT_OBJC_MSGSEND = YES;
				ENABLE_TESTABILITY = YES;
				GCC_C_LANGUAGE_STANDARD = gnu99;
				GCC_DYNAMIC_NO_PIC = NO;
				GCC_NO_COMMON_BLOCKS = YES;
				GCC_OPTIMIZATION_LEVEL = 0;
				GCC_PREPROCESSOR_DEFINITIONS = (
					"DEBUG=1",
					"$(inherited)",
				);
				GCC_WARN_64_TO_32_BIT_CONVERSION = YES;
				GCC_WARN_ABOUT_RETURN_TYPE = YES_ERROR;
				GCC_WARN_UNDECLARED_SELECTOR = YES;
				GCC_WARN_UNINITIALIZED_AUTOS = YES_AGGRESSIVE;
				GCC_WARN_UNUSED_FUNCTION = YES;
				GCC_WARN_UNUSED_VARIABLE = YES;
				IPHONEOS_DEPLOYMENT_TARGET = 9.0;
				MTL_ENABLE_DEBUG_INFO = YES;
				ONLY_ACTIVE_ARCH = YES;
				SDKROOT = iphoneos;
				SWIFT_OPTIMIZATION_LEVEL = "-Onone";
			};
			name = Debug;
		};
		A00E042F1BDED31600EAB18B /* Release */ = {
			isa = XCBuildConfiguration;
			buildSettings = {
				ALWAYS_SEARCH_USER_PATHS = NO;
				CLANG_CXX_LANGUAGE_STANDARD = "gnu++0x";
				CLANG_CXX_LIBRARY = "libc++";
				CLANG_ENABLE_MODULES = YES;
				CLANG_ENABLE_OBJC_ARC = YES;
				CLANG_WARN_BOOL_CONVERSION = YES;
				CLANG_WARN_CONSTANT_CONVERSION = YES;
				CLANG_WARN_DIRECT_OBJC_ISA_USAGE = YES_ERROR;
				CLANG_WARN_EMPTY_BODY = YES;
				CLANG_WARN_ENUM_CONVERSION = YES;
				CLANG_WARN_INT_CONVERSION = YES;
				CLANG_WARN_OBJC_ROOT_CLASS = YES_ERROR;
				CLANG_WARN_UNREACHABLE_CODE = YES;
				CLANG_WARN__DUPLICATE_METHOD_MATCH = YES;
				"CODE_SIGN_IDENTITY[sdk=iphoneos*]" = "iPhone Developer";
				COPY_PHASE_STRIP = NO;
				DEBUG_INFORMATION_FORMAT = "dwarf-with-dsym";
				ENABLE_NS_ASSERTIONS = NO;
				ENABLE_STRICT_OBJC_MSGSEND = YES;
				GCC_C_LANGUAGE_STANDARD = gnu99;
				GCC_NO_COMMON_BLOCKS = YES;
				GCC_WARN_64_TO_32_BIT_CONVERSION = YES;
				GCC_WARN_ABOUT_RETURN_TYPE = YES_ERROR;
				GCC_WARN_UNDECLARED_SELECTOR = YES;
				GCC_WARN_UNINITIALIZED_AUTOS = YES_AGGRESSIVE;
				GCC_WARN_UNUSED_FUNCTION = YES;
				GCC_WARN_UNUSED_VARIABLE = YES;
				IPHONEOS_DEPLOYMENT_TARGET = 9.0;
				MTL_ENABLE_DEBUG_INFO = NO;
				SDKROOT = iphoneos;
				VALIDATE_PRODUCT = YES;
			};
			name = Release;
		};
		A00E04311BDED31600EAB18B /* Debug */ = {
			isa = XCBuildConfiguration;
			buildSettings = {
				ASSETCATALOG_COMPILER_APPICON_NAME = AppIcon;
				INFOPLIST_FILE = Shadoww/Info.plist;
				LD_RUNPATH_SEARCH_PATHS = "$(inherited) @executable_path/Frameworks";
				PRODUCT_BUNDLE_IDENTIFIER = ninja.lucas.Shadoww;
				PRODUCT_NAME = "$(TARGET_NAME)";
			};
			name = Debug;
		};
		A00E04321BDED31600EAB18B /* Release */ = {
			isa = XCBuildConfiguration;
			buildSettings = {
				ASSETCATALOG_COMPILER_APPICON_NAME = AppIcon;
				INFOPLIST_FILE = Shadoww/Info.plist;
				LD_RUNPATH_SEARCH_PATHS = "$(inherited) @executable_path/Frameworks";
				PRODUCT_BUNDLE_IDENTIFIER = ninja.lucas.Shadoww;
				PRODUCT_NAME = "$(TARGET_NAME)";
			};
			name = Release;
		};
/* End XCBuildConfiguration section */

/* Begin XCConfigurationList section */
		A00E04191BDED31500EAB18B /* Build configuration list for PBXProject "Shadoww" */ = {
			isa = XCConfigurationList;
			buildConfigurations = (
				A00E042E1BDED31600EAB18B /* Debug */,
				A00E042F1BDED31600EAB18B /* Release */,
			);
			defaultConfigurationIsVisible = 0;
			defaultConfigurationName = Release;
		};
		A00E04301BDED31600EAB18B /* Build configuration list for PBXNativeTarget "Shadoww" */ = {
			isa = XCConfigurationList;
			buildConfigurations = (
				A00E04311BDED31600EAB18B /* Debug */,
				A00E04321BDED31600EAB18B /* Release */,
			);
			defaultConfigurationIsVisible = 0;
			defaultConfigurationName = Release;
		};
/* End XCConfigurationList section */
	};
	rootObject = A00E04161BDED31500EAB18B /* Project object */;
}
